
Microsoft Visual Studio Solution File, Format Version 12.00
# Visual Studio Version 17
VisualStudioVersion = 17.5.33530.505
MinimumVisualStudioVersion = 10.0.40219.1
Project("{FAE04EC0-301F-11D3-BF4B-00C04F79EFBC}") = "IRAH", "IRAH.csproj", "{377F3938-DD76-4561-8014-BC4C03238139}"
EndProject
Global
	GlobalSection(SolutionConfigurationPlatforms) = preSolution
		Debug|Any CPU = Debug|Any CPU
		Release|Any CPU = Release|Any CPU
	EndGlobalSection
	GlobalSection(ProjectConfigurationPlatforms) = postSolution
		{377F3938-DD76-4561-8014-BC4C03238139}.Debug|Any CPU.ActiveCfg = Debug|Any CPU
		{377F3938-DD76-4561-8014-BC4C03238139}.Debug|Any CPU.Build.0 = Debug|Any CPU
		{377F3938-DD76-4561-8014-BC4C03238139}.Release|Any CPU.ActiveCfg = Release|Any CPU
		{377F3938-DD76-4561-8014-BC4C03238139}.Release|Any CPU.Build.0 = Release|Any CPU
	EndGlobalSection
	GlobalSection(SolutionProperties) = preSolution
		HideSolutionNode = FALSE
	EndGlobalSection
	GlobalSection(ExtensibilityGlobals) = postSolution
		SolutionGuid = {ECF1B12B-0FD7-4868-91DB-1B18A0ACCB05}
	EndGlobalSection
EndGlobal
